
Microsoft Visual Studio Solution File, Format Version 9.00
# Visual Studio 2005
Project("{8BC9CEB8-8B4A-11D0-8D11-00A0C91BC942}") = "Tracker", "Tracker.vcproj", "{46D386A4-4241-4FA4-B0DC-C21ADD0E1A2F}"
EndProject
Project("{8BC9CEB8-8B4A-11D0-8D11-00A0C91BC942}") = "NoteHelper", "stuff\NoteHelper\NoteHelper.vcproj", "{5032F8D6-2749-4D56-A909-7B7A9BC9BE72}"
EndProject
Global
	GlobalSection(SolutionConfigurationPlatforms) = preSolution
		Debug|Win32 = Debug|Win32
		Release|Win32 = Release|Win32
	EndGlobalSection
	GlobalSection(ProjectConfigurationPlatforms) = postSolution
		{46D386A4-4241-4FA4-B0DC-C21ADD0E1A2F}.Debug|Win32.ActiveCfg = Debug|Win32
		{46D386A4-4241-4FA4-B0DC-C21ADD0E1A2F}.Debug|Win32.Build.0 = Debug|Win32
		{46D386A4-4241-4FA4-B0DC-C21ADD0E1A2F}.Release|Win32.ActiveCfg = Release|Win32
		{46D386A4-4241-4FA4-B0DC-C21ADD0E1A2F}.Release|Win32.Build.0 = Release|Win32
		{5032F8D6-2749-4D56-A909-7B7A9BC9BE72}.Debug|Win32.ActiveCfg = Debug|Win32
		{5032F8D6-2749-4D56-A909-7B7A9BC9BE72}.Debug|Win32.Build.0 = Debug|Win32
		{5032F8D6-2749-4D56-A909-7B7A9BC9BE72}.Release|Win32.ActiveCfg = Release|Win32
		{5032F8D6-2749-4D56-A909-7B7A9BC9BE72}.Release|Win32.Build.0 = Release|Win32
	EndGlobalSection
	GlobalSection(SolutionProperties) = preSolution
		HideSolutionNode = FALSE
	EndGlobalSection
EndGlobal
